
Microsoft Visual Studio Solution File, Format Version 12.00
# Visual Studio Version 16
VisualStudioVersion = 16.0.31729.503
MinimumVisualStudioVersion = 10.0.40219.1
Project("{FAE04EC0-301F-11D3-BF4B-00C04F79EFBC}") = "N-Unit Testing", "N-Unit Testing.csproj", "{3ED28695-B4A7-41CB-B393-3A3AE9DEEA9F}"
EndProject
Global
	GlobalSection(SolutionConfigurationPlatforms) = preSolution
		Debug|Any CPU = Debug|Any CPU
		Release|Any CPU = Release|Any CPU
	EndGlobalSection
	GlobalSection(ProjectConfigurationPlatforms) = postSolution
		{3ED28695-B4A7-41CB-B393-3A3AE9DEEA9F}.Debug|Any CPU.ActiveCfg = Debug|Any CPU
		{3ED28695-B4A7-41CB-B393-3A3AE9DEEA9F}.Debug|Any CPU.Build.0 = Debug|Any CPU
		{3ED28695-B4A7-41CB-B393-3A3AE9DEEA9F}.Release|Any CPU.ActiveCfg = Release|Any CPU
		{3ED28695-B4A7-41CB-B393-3A3AE9DEEA9F}.Release|Any CPU.Build.0 = Release|Any CPU
	EndGlobalSection
	GlobalSection(SolutionProperties) = preSolution
		HideSolutionNode = FALSE
	EndGlobalSection
	GlobalSection(ExtensibilityGlobals) = postSolution
		SolutionGuid = {6E063A3C-4AD9-4726-AD21-62C50D245DAC}
	EndGlobalSection
EndGlobal
